<?xml version="1.0" encoding="utf-8"?>
<Project ToolsVersion="4.0" xmlns="http://schemas.microsoft.com/developer/msbuild/2003">
  <ItemGroup>
    <ClCompile Include="bitmap2.cpp" />
    <ClCompile Include="bmpLoader.c" />
    <ClCompile Include="Diamond.cpp" />
    <ClCompile Include="GamesContents.cpp" />
    <ClCompile Include="Mine.cpp" />
    <ClCompile Include="pcxLoader.c" />
    <ClCompile Include="PhidgetManager.cpp" />
    <ClCompile Include="Point2D.cpp" />
    <ClCompile Include="SpaceObject.cpp" />
    <ClCompile Include="SuperBall.cpp" />
    <ClCompile Include="texture.cpp" />
    <ClCompile Include="texture2.cpp" />
    <ClCompile Include="tgaLoader.c" />
    <ClCompile Include="SpeechControl.cpp" />
    <ClCompile Include="KinectAudioStream.cpp" />
    <ClCompile Include="Socket_TCP_server.cpp" />
  </ItemGroup>
  <ItemGroup>
    <ClInclude Include="bitmap2.h" />
    <ClInclude Include="bmpLoader.h" />
    <ClInclude Include="Diamond.h" />
    <ClInclude Include="GamesContents.h" />
    <ClInclude Include="glaux.h" />
    <ClInclude Include="Mine.h" />
    <ClInclude Include="pcxLoader.h" />
    <ClInclude Include="PhidgetManager.h" />
    <ClInclude Include="Point2D.h" />
    <ClInclude Include="SpaceObject.h" />
    <ClInclude Include="SuperBall.h" />
    <ClInclude Include="texture.h" />
    <ClInclude Include="texture2.h" />
    <ClInclude Include="tgaLoader.h" />
    <ClInclude Include="SpeechControl.h" />
    <ClInclude Include="stdafx.h" />
    <ClInclude Include="resource.h" />
    <ClInclude Include="KinectAudioStream.h" />
  </ItemGroup>
  <ItemGroup>
    <None Include="bomb.bmp" />
    <None Include="images\bomb.jpg" />
    <None Include="shaders.hlsl" />
    <None Include="SpeechBasics-D2D.grxml" />
    <None Include="..\images\config_1.jpg" />
    <None Include="..\images\config_2.jpg" />
    <None Include="linker additional dependencies.txt" />
  </ItemGroup>
</Project>